# THIS IS AN AUTOGENERATED FILE. DO NOT EDIT THIS FILE DIRECTLY.
# yarn lockfile v1


"@hapi/accept@^5.0.1":
  version "5.0.1"
  resolved "https://registry.npm.taobao.org/@hapi/accept/download/@hapi/accept-5.0.1.tgz#068553e867f0f63225a506ed74e899441af53e10"
  integrity sha1-BoVT6Gfw9jIlpQbtdOiZRBr1PhA=
  dependencies:
    "@hapi/boom" "9.x.x"
    "@hapi/hoek" "9.x.x"

"@hapi/ammo@^5.0.1":
  version "5.0.1"
  resolved "https://registry.npm.taobao.org/@hapi/ammo/download/@hapi/ammo-5.0.1.tgz#9d34560f5c214eda563d838c01297387efaab490"
  integrity sha1-nTRWD1whTtpWPYOMASlzh++qtJA=
  dependencies:
    "@hapi/hoek" "9.x.x"

"@hapi/b64@5.x.x":
  version "5.0.0"
  resolved "https://registry.npm.taobao.org/@hapi/b64/download/@hapi/b64-5.0.0.tgz#b8210cbd72f4774985e78569b77e97498d24277d"
  integrity sha1-uCEMvXL0d0mF54Vpt36XSY0kJ30=
  dependencies:
    "@hapi/hoek" "9.x.x"

"@hapi/boom@9.x.x", "@hapi/boom@^9.0.0":
  version "9.1.1"
  resolved "https://registry.npm.taobao.org/@hapi/boom/download/@hapi/boom-9.1.1.tgz#89e6f0e01637c2a4228da0d113e8157c93677b04"
  integrity sha1-iebw4BY3wqQijaDRE+gVfJNnewQ=
  dependencies:
    "@hapi/hoek" "9.x.x"

"@hapi/bounce@2.x.x":
  version "2.0.0"
  resolved "https://registry.npm.taobao.org/@hapi/bounce/download/@hapi/bounce-2.0.0.tgz#e6ef56991c366b1e2738b2cd83b01354d938cf3d"
  integrity sha1-5u9WmRw2ax4nOLLNg7ATVNk4zz0=
  dependencies:
    "@hapi/boom" "9.x.x"
    "@hapi/hoek" "9.x.x"

"@hapi/bourne@2.x.x":
  version "2.0.0"
  resolved "https://registry.npm.taobao.org/@hapi/bourne/download/@hapi/bourne-2.0.0.tgz#5bb2193eb685c0007540ca61d166d4e1edaf918d"
  integrity sha1-W7IZPraFwAB1QMph0WbU4e2vkY0=

"@hapi/call@8.x.x":
  version "8.0.1"
  resolved "https://registry.npm.taobao.org/@hapi/call/download/@hapi/call-8.0.1.tgz#9e64cd8ba6128eb5be6e432caaa572b1ed8cd7c0"
  integrity sha1-nmTNi6YSjrW+bkMsqqVyse2M18A=
  dependencies:
    "@hapi/boom" "9.x.x"
    "@hapi/hoek" "9.x.x"

"@hapi/catbox-memory@5.x.x":
  version "5.0.0"
  resolved "https://registry.npm.taobao.org/@hapi/catbox-memory/download/@hapi/catbox-memory-5.0.0.tgz#6c18dad1a80737480d1c33bfbefd5d028deec86d"
  integrity sha1-bBja0agHN0gNHDO/vv1dAo3uyG0=
  dependencies:
    "@hapi/boom" "9.x.x"
    "@hapi/hoek" "9.x.x"

"@hapi/catbox@^11.1.1":
  version "11.1.1"
  resolved "https://registry.npm.taobao.org/@hapi/catbox/download/@hapi/catbox-11.1.1.tgz#d277e2d5023fd69cddb33d05b224ea03065fec0c"
  integrity sha1-0nfi1QI/1pzdsz0FsiTqAwZf7Aw=
  dependencies:
    "@hapi/boom" "9.x.x"
    "@hapi/hoek" "9.x.x"
    "@hapi/podium" "4.x.x"
    "@hapi/validate" "1.x.x"

"@hapi/content@^5.0.2":
  version "5.0.2"
  resolved "https://registry.npm.taobao.org/@hapi/content/download/@hapi/content-5.0.2.tgz#ae57954761de570392763e64cdd75f074176a804"
  integrity sha1-rleVR2HeVwOSdj5kzddfB0F2qAQ=
  dependencies:
    "@hapi/boom" "9.x.x"

"@hapi/cryptiles@5.x.x":
  version "5.1.0"
  resolved "https://registry.npm.taobao.org/@hapi/cryptiles/download/@hapi/cryptiles-5.1.0.tgz#655de4cbbc052c947f696148c83b187fc2be8f43"
  integrity sha1-ZV3ky7wFLJR/aWFIyDsYf8K+j0M=
  dependencies:
    "@hapi/boom" "9.x.x"

"@hapi/file@2.x.x":
  version "2.0.0"
  resolved "https://registry.npm.taobao.org/@hapi/file/download/@hapi/file-2.0.0.tgz#2ecda37d1ae9d3078a67c13b7da86e8c3237dfb9"
  integrity sha1-Ls2jfRrp0weKZ8E7fahujDI337k=

"@hapi/hapi@^20.0.3":
  version "20.0.3"
  resolved "https://registry.npm.taobao.org/@hapi/hapi/download/@hapi/hapi-20.0.3.tgz#e72cad460394e6d2c15f9c57abb5d3332dea27e3"
  integrity sha1-5yytRgOU5tLBX5xXq7XTMy3qJ+M=
  dependencies:
    "@hapi/accept" "^5.0.1"
    "@hapi/ammo" "^5.0.1"
    "@hapi/boom" "9.x.x"
    "@hapi/bounce" "2.x.x"
    "@hapi/call" "8.x.x"
    "@hapi/catbox" "^11.1.1"
    "@hapi/catbox-memory" "5.x.x"
    "@hapi/heavy" "^7.0.1"
    "@hapi/hoek" "9.x.x"
    "@hapi/mimos" "5.x.x"
    "@hapi/podium" "^4.1.1"
    "@hapi/shot" "^5.0.1"
    "@hapi/somever" "3.x.x"
    "@hapi/statehood" "^7.0.3"
    "@hapi/subtext" "^7.0.3"
    "@hapi/teamwork" "5.x.x"
    "@hapi/topo" "5.x.x"
    "@hapi/validate" "^1.1.0"

"@hapi/heavy@^7.0.1":
  version "7.0.1"
  resolved "https://registry.npm.taobao.org/@hapi/heavy/download/@hapi/heavy-7.0.1.tgz#73315ae33b6e7682a0906b7a11e8ca70e3045874"
  integrity sha1-czFa4ztudoKgkGt6EejKcOMEWHQ=
  dependencies:
    "@hapi/boom" "9.x.x"
    "@hapi/hoek" "9.x.x"
    "@hapi/validate" "1.x.x"

"@hapi/hoek@9.x.x", "@hapi/hoek@^9.0.0", "@hapi/hoek@^9.0.4":
  version "9.1.0"
  resolved "https://registry.npm.taobao.org/@hapi/hoek/download/@hapi/hoek-9.1.0.tgz?cache=0&sync_timestamp=1599008898409&other_urls=https%3A%2F%2Fregistry.npm.taobao.org%2F%40hapi%2Fhoek%2Fdownload%2F%40hapi%2Fhoek-9.1.0.tgz#6c9eafc78c1529248f8f4d92b0799a712b6052c6"
  integrity sha1-bJ6vx4wVKSSPj02SsHmacStgUsY=

"@hapi/iron@6.x.x", "@hapi/iron@^6.0.0":
  version "6.0.0"
  resolved "https://registry.npm.taobao.org/@hapi/iron/download/@hapi/iron-6.0.0.tgz#ca3f9136cda655bdd6028de0045da0de3d14436f"
  integrity sha1-yj+RNs2mVb3WAo3gBF2g3j0UQ28=
  dependencies:
    "@hapi/b64" "5.x.x"
    "@hapi/boom" "9.x.x"
    "@hapi/bourne" "2.x.x"
    "@hapi/cryptiles" "5.x.x"
    "@hapi/hoek" "9.x.x"

"@hapi/mimos@5.x.x":
  version "5.0.0"
  resolved "https://registry.npm.taobao.org/@hapi/mimos/download/@hapi/mimos-5.0.0.tgz#245c6c98b1cc2c13395755c730321b913de074eb"
  integrity sha1-JFxsmLHMLBM5V1XHMDIbkT3gdOs=
  dependencies:
    "@hapi/hoek" "9.x.x"
    mime-db "1.x.x"

"@hapi/nigel@4.x.x":
  version "4.0.2"
  resolved "https://registry.npm.taobao.org/@hapi/nigel/download/@hapi/nigel-4.0.2.tgz#8f84ef4bca4fb03b2376463578f253b0b8e863c4"
  integrity sha1-j4TvS8pPsDsjdkY1ePJTsLjoY8Q=
  dependencies:
    "@hapi/hoek" "^9.0.4"
    "@hapi/vise" "^4.0.0"

"@hapi/pez@^5.0.1":
  version "5.0.3"
  resolved "https://registry.npm.taobao.org/@hapi/pez/download/@hapi/pez-5.0.3.tgz#b75446e6fef8cbb16816573ab7da1b0522e7a2a1"
  integrity sha1-t1RG5v74y7FoFlc6t9obBSLnoqE=
  dependencies:
    "@hapi/b64" "5.x.x"
    "@hapi/boom" "9.x.x"
    "@hapi/content" "^5.0.2"
    "@hapi/hoek" "9.x.x"
    "@hapi/nigel" "4.x.x"

"@hapi/podium@4.x.x", "@hapi/podium@^4.1.1":
  version "4.1.1"
  resolved "https://registry.npm.taobao.org/@hapi/podium/download/@hapi/podium-4.1.1.tgz#106e5849f2cb19b8767cc16007e0107f27c3c791"
  integrity sha1-EG5YSfLLGbh2fMFgB+AQfyfDx5E=
  dependencies:
    "@hapi/hoek" "9.x.x"
    "@hapi/teamwork" "5.x.x"
    "@hapi/validate" "1.x.x"

"@hapi/shot@^5.0.1":
  version "5.0.4"
  resolved "https://registry.npm.taobao.org/@hapi/shot/download/@hapi/shot-5.0.4.tgz#6c978314f21a054c041f4becc50095dd78d3d775"
  integrity sha1-bJeDFPIaBUwEH0vsxQCV3XjT13U=
  dependencies:
    "@hapi/hoek" "9.x.x"
    "@hapi/validate" "1.x.x"

"@hapi/somever@3.x.x":
  version "3.0.0"
  resolved "https://registry.npm.taobao.org/@hapi/somever/download/@hapi/somever-3.0.0.tgz#f4e9b16a948415b926b4dd898013602b0cb45758"
  integrity sha1-9OmxapSEFbkmtN2JgBNgKwy0V1g=
  dependencies:
    "@hapi/bounce" "2.x.x"
    "@hapi/hoek" "9.x.x"

"@hapi/statehood@^7.0.3":
  version "7.0.3"
  resolved "https://registry.npm.taobao.org/@hapi/statehood/download/@hapi/statehood-7.0.3.tgz#655166f3768344ed3c3b50375a303cdeca8040d9"
  integrity sha1-ZVFm83aDRO08O1A3WjA83sqAQNk=
  dependencies:
    "@hapi/boom" "9.x.x"
    "@hapi/bounce" "2.x.x"
    "@hapi/bourne" "2.x.x"
    "@hapi/cryptiles" "5.x.x"
    "@hapi/hoek" "9.x.x"
    "@hapi/iron" "6.x.x"
    "@hapi/validate" "1.x.x"

"@hapi/subtext@^7.0.3":
  version "7.0.3"
  resolved "https://registry.npm.taobao.org/@hapi/subtext/download/@hapi/subtext-7.0.3.tgz#f7440fc7c966858e1f39681e99eb6171c71e7abd"
  integrity sha1-90QPx8lmhY4fOWgemethccceer0=
  dependencies:
    "@hapi/boom" "9.x.x"
    "@hapi/bourne" "2.x.x"
    "@hapi/content" "^5.0.2"
    "@hapi/file" "2.x.x"
    "@hapi/hoek" "9.x.x"
    "@hapi/pez" "^5.0.1"
    "@hapi/wreck" "17.x.x"

"@hapi/teamwork@5.x.x":
  version "5.1.0"
  resolved "https://registry.npm.taobao.org/@hapi/teamwork/download/@hapi/teamwork-5.1.0.tgz#7801a61fc727f702fd2196ef7625eb4e389f4124"
  integrity sha1-eAGmH8cn9wL9IZbvdiXrTjifQSQ=

"@hapi/topo@5.x.x", "@hapi/topo@^5.0.0":
  version "5.0.0"
  resolved "https://registry.npm.taobao.org/@hapi/topo/download/@hapi/topo-5.0.0.tgz?cache=0&sync_timestamp=1593916080558&other_urls=https%3A%2F%2Fregistry.npm.taobao.org%2F%40hapi%2Ftopo%2Fdownload%2F%40hapi%2Ftopo-5.0.0.tgz#c19af8577fa393a06e9c77b60995af959be721e7"
  integrity sha1-wZr4V3+jk6BunHe2CZWvlZvnIec=
  dependencies:
    "@hapi/hoek" "^9.0.0"

"@hapi/validate@1.x.x", "@hapi/validate@^1.1.0":
  version "1.1.3"
  resolved "https://registry.npm.taobao.org/@hapi/validate/download/@hapi/validate-1.1.3.tgz#f750a07283929e09b51aa16be34affb44e1931ad"
  integrity sha1-91CgcoOSngm1GqFr40r/tE4ZMa0=
  dependencies:
    "@hapi/hoek" "^9.0.0"
    "@hapi/topo" "^5.0.0"

"@hapi/vise@^4.0.0":
  version "4.0.0"
  resolved "https://registry.npm.taobao.org/@hapi/vise/download/@hapi/vise-4.0.0.tgz#c6a94fe121b94a53bf99e7489f7fcc74c104db02"
  integrity sha1-xqlP4SG5SlO/medIn3/MdMEE2wI=
  dependencies:
    "@hapi/hoek" "9.x.x"

"@hapi/wreck@17.x.x":
  version "17.1.0"
  resolved "https://registry.npm.taobao.org/@hapi/wreck/download/@hapi/wreck-17.1.0.tgz#fbdc380c6f3fa1f8052dc612b2d3b6ce3e88dbec"
  integrity sha1-+9w4DG8/ofgFLcYSstO2zj6I2+w=
  dependencies:
    "@hapi/boom" "9.x.x"
    "@hapi/bourne" "2.x.x"
    "@hapi/hoek" "9.x.x"

"@types/hapi__catbox@*":
  version "10.2.3"
  resolved "https://registry.npm.taobao.org/@types/hapi__catbox/download/@types/hapi__catbox-10.2.3.tgz#c9279c16d709bf2987491c332e11d18124ae018f"
  integrity sha1-ySecFtcJvymHSRwzLhHRgSSuAY8=

"@types/hapi__hapi@^20.0.2":
  version "20.0.2"
  resolved "https://registry.npm.taobao.org/@types/hapi__hapi/download/@types/hapi__hapi-20.0.2.tgz#e7571451f7fb75e87ab3873ec91b92f92cd55fff"
  integrity sha1-51cUUff7deh6s4c+yRuS+SzVX/8=
  dependencies:
    "@hapi/boom" "^9.0.0"
    "@hapi/iron" "^6.0.0"
    "@types/hapi__catbox" "*"
    "@types/hapi__mimos" "*"
    "@types/hapi__podium" "*"
    "@types/hapi__shot" "*"
    "@types/joi" "*"
    "@types/node" "*"

"@types/hapi__mimos@*":
  version "4.1.3"
  resolved "https://registry.npm.taobao.org/@types/hapi__mimos/download/@types/hapi__mimos-4.1.3.tgz#e2ad0510af090a87c16f5a7bdffbb9638ef36444"
  integrity sha1-4q0FEK8JCofBb1p73/u5Y47zZEQ=
  dependencies:
    "@types/mime-db" "*"

"@types/hapi__podium@*":
  version "3.4.1"
  resolved "https://registry.npm.taobao.org/@types/hapi__podium/download/@types/hapi__podium-3.4.1.tgz#826ffed038979c844410e576b574f8237afd59bc"
  integrity sha1-gm/+0DiXnIREEOV2tXT4I3r9Wbw=

"@types/hapi__shot@*":
  version "4.1.1"
  resolved "https://registry.npm.taobao.org/@types/hapi__shot/download/@types/hapi__shot-4.1.1.tgz#c760322b90eb77f36a3003a442e8dc69e6ae3922"
  integrity sha1-x2AyK5Drd/NqMAOkQujcaeauOSI=
  dependencies:
    "@types/node" "*"

"@types/joi@*":
  version "14.3.4"
  resolved "https://registry.npm.taobao.org/@types/joi/download/@types/joi-14.3.4.tgz#eed1e14cbb07716079c814138831a520a725a1e0"
  integrity sha1-7tHhTLsHcWB5yBQTiDGlIKcloeA=

"@types/mime-db@*":
  version "1.43.0"
  resolved "https://registry.npm.taobao.org/@types/mime-db/download/@types/mime-db-1.43.0.tgz?cache=0&sync_timestamp=1605054798870&other_urls=https%3A%2F%2Fregistry.npm.taobao.org%2F%40types%2Fmime-db%2Fdownload%2F%40types%2Fmime-db-1.43.0.tgz#c91a4fcae0d6cfe19f2452b3b3e9fc2b95aa9a52"
  integrity sha1-yRpPyuDWz+GfJFKzs+n8K5WqmlI=

"@types/node@*", "@types/node@^14.14.14":
  version "14.14.14"
  resolved "https://registry.npm.taobao.org/@types/node/download/@types/node-14.14.14.tgz?cache=0&sync_timestamp=1608047776716&other_urls=https%3A%2F%2Fregistry.npm.taobao.org%2F%40types%2Fnode%2Fdownload%2F%40types%2Fnode-14.14.14.tgz#f7fd5f3cc8521301119f63910f0fb965c7d761ae"
  integrity sha1-9/1fPMhSEwERn2ORDw+5ZcfXYa4=

dotenv@^8.2.0:
  version "8.2.0"
  resolved "https://registry.npm.taobao.org/dotenv/download/dotenv-8.2.0.tgz#97e619259ada750eea3e4ea3e26bceea5424b16a"
  integrity sha1-l+YZJZradQ7qPk6j4mvO6lQksWo=

mime-db@1.x.x:
  version "1.45.0"
  resolved "https://registry.npm.taobao.org/mime-db/download/mime-db-1.45.0.tgz#cceeda21ccd7c3a745eba2decd55d4b73e7879ea"
  integrity sha1-zO7aIczXw6dF66LezVXUtz54eeo=
